
Microsoft Visual Studio Solution File, Format Version 12.00
# Visual Studio 15
VisualStudioVersion = 15.0.26730.1
MinimumVisualStudioVersion = 10.0.40219.1
Project("{9A19103F-16F7-4668-BE54-9A1E7A4F7556}") = "BackEnd", "BackEnd\BackEnd.csproj", "{9084328C-34F1-4731-B2F8-3988329FF1C4}"
EndProject
Project("{9A19103F-16F7-4668-BE54-9A1E7A4F7556}") = "ConferenceDTO", "ConferenceDTO\ConferenceDTO.csproj", "{DF8B43C1-09E2-4A07-A1A4-7DD245914458}"
EndProject
Project("{9A19103F-16F7-4668-BE54-9A1E7A4F7556}") = "FrontEnd", "FrontEnd\FrontEnd.csproj", "{F62B37D3-EDA7-48B1-A104-2FBB84AF4D53}"
EndProject
Global
	GlobalSection(SolutionConfigurationPlatforms) = preSolution
		Debug|Any CPU = Debug|Any CPU
		Release|Any CPU = Release|Any CPU
	EndGlobalSection
	GlobalSection(ProjectConfigurationPlatforms) = postSolution
		{9084328C-34F1-4731-B2F8-3988329FF1C4}.Debug|Any CPU.ActiveCfg = Debug|Any CPU
		{9084328C-34F1-4731-B2F8-3988329FF1C4}.Debug|Any CPU.Build.0 = Debug|Any CPU
		{9084328C-34F1-4731-B2F8-3988329FF1C4}.Release|Any CPU.ActiveCfg = Release|Any CPU
		{9084328C-34F1-4731-B2F8-3988329FF1C4}.Release|Any CPU.Build.0 = Release|Any CPU
		{DF8B43C1-09E2-4A07-A1A4-7DD245914458}.Debug|Any CPU.ActiveCfg = Debug|Any CPU
		{DF8B43C1-09E2-4A07-A1A4-7DD245914458}.Debug|Any CPU.Build.0 = Debug|Any CPU
		{DF8B43C1-09E2-4A07-A1A4-7DD245914458}.Release|Any CPU.ActiveCfg = Release|Any CPU
		{DF8B43C1-09E2-4A07-A1A4-7DD245914458}.Release|Any CPU.Build.0 = Release|Any CPU
		{F62B37D3-EDA7-48B1-A104-2FBB84AF4D53}.Debug|Any CPU.ActiveCfg = Debug|Any CPU
		{F62B37D3-EDA7-48B1-A104-2FBB84AF4D53}.Debug|Any CPU.Build.0 = Debug|Any CPU
		{F62B37D3-EDA7-48B1-A104-2FBB84AF4D53}.Release|Any CPU.ActiveCfg = Release|Any CPU
		{F62B37D3-EDA7-48B1-A104-2FBB84AF4D53}.Release|Any CPU.Build.0 = Release|Any CPU
	EndGlobalSection
	GlobalSection(SolutionProperties) = preSolution
		HideSolutionNode = FALSE
	EndGlobalSection
	GlobalSection(ExtensibilityGlobals) = postSolution
		SolutionGuid = {A5951956-25A0-479F-A53F-A2F4E7BEF17C}
	EndGlobalSection
EndGlobal
